AuthInternalLock:
  IdRepository_AuthInternalLock_Uin_Demo_Smoke_Pos:
      endPoint: /idrepository/v1/identity/authtypes/status
      description: Lock UIN for the auth type demo
      uniqueIdentifier: TC_IDRepo_AuthInternalock_01
      role: idrepo
      checkErrorsOnlyInResponse: true
      restMethod: post
      inputTemplate: idRepository/AuthInternalLock/authInternalLock
      outputTemplate: idRepository/AuthInternalLock/AuthInternalLockResult
      input: '{
  "id": "string",
  "version": "string",
  "requestTime": "$TIMESTAMP$",
    "individualId": "$ID:AddIdentity_AuthStatus_Validd_smoke_Pos_UIN$",
    "individualIdType": "UIN",
    "authType": "demo",
    "authSubType": "",
    "locked": "true",
    "unlockForSeconds": 0
}'
      output: '{
}'

  IdRepository_AuthInternalLock_Vid_Demo_Smoke_Pos:
      endPoint: /idrepository/v1/identity/authtypes/status
      description: Lock VID for authtype demo
      uniqueIdentifier: TC_IDRepo_AuthInternalock_02
      
      role: idrepo
      checkErrorsOnlyInResponse: true
      restMethod: post
      inputTemplate: idRepository/AuthInternalLock/authInternalLock
      outputTemplate: idRepository/AuthInternalLock/AuthInternalLockResult
      input: '{
    "individualId": "$ID:CreateVID_withValidParameters_AuthStatus_Smoke_Perpetual_sid_VID$",
    "individualIdType": "VID",
    "authType": "demo",
    "authSubType": "",
    "locked": "true",
    "unlockForSeconds": 0,
  "id": "string",
  "version": "string",
  "requestTime": "$TIMESTAMP$"
}'
      output: '{
}'

  IdRepository_AuthInternalLock_Uin_FACE_Smoke_Pos:
      endPoint: /idrepository/v1/identity/authtypes/status
      description: Lock UIN for authtype Bio face
      uniqueIdentifier: TC_IDRepo_AuthInternalock_03
      role: idrepo
      checkErrorsOnlyInResponse: true
      restMethod: post
      inputTemplate: idRepository/AuthInternalLock/authInternalLock
      outputTemplate: idRepository/AuthInternalLock/AuthInternalLockResult
      input: '{
    "individualId": "$ID:AddIdentity_AuthStatus_Validd_smoke_Pos_UIN$",
    "individualIdType": "UIN",
    "authType": "bio",
    "authSubType": "FACE",
    "locked": "true",
    "unlockForSeconds": 0,
  "id": "string",
  "version": "string",
  "requestTime": "$TIMESTAMP$"
}'
      output: '{
}'

  IdRepository_AuthInternalLock_Vid_FACE_Smoke_Pos:
      endPoint: /idrepository/v1/identity/authtypes/status
      description: Lock VID for authtype  bio face
      uniqueIdentifier: TC_IDRepo_AuthInternalock_04
      role: idrepo
      checkErrorsOnlyInResponse: true
      restMethod: post
      inputTemplate: idRepository/AuthInternalLock/authInternalLock
      outputTemplate: idRepository/AuthInternalLock/AuthInternalLockResult
      input: '{
    "individualId": "$ID:CreateVID_withValidParameters_AuthStatus_Smoke_Perpetual_sid_VID$",
    "individualIdType": "VID",
    "authType": "bio",
    "authSubType": "FACE",
    "locked": "true",
    "unlockForSeconds": 0,
  "id": "string",
  "version": "string",
  "requestTime": "$TIMESTAMP$"
}'
      output: '{
}'

  IdRepository_AuthInternalLock_Uin_IRIS_Smoke_Pos:
      endPoint: /idrepository/v1/identity/authtypes/status
      description: Lock UIN for authtype Bio Iris
      uniqueIdentifier: TC_IDRepo_AuthInternalock_05
      role: idrepo
      checkErrorsOnlyInResponse: true
      restMethod: post
      inputTemplate: idRepository/AuthInternalLock/authInternalLock
      outputTemplate: idRepository/AuthInternalLock/AuthInternalLockResult
      input: '{
    "individualId": "$ID:AddIdentity_AuthStatus_Validd_smoke_Pos_UIN$",
    "individualIdType": "UIN",
    "authType": "bio",
    "authSubType": "IRIS",
    "locked": "true",
    "unlockForSeconds": 0,
  "id": "string",
  "version": "string",
  "requestTime": "$TIMESTAMP$"
}'
      output: '{
}'

  IdRepository_AuthInternalLock_Vid_IRIS_Smoke_Pos:
      endPoint: /idrepository/v1/identity/authtypes/status
      description: Lock VID for authtype Bio Iris
      uniqueIdentifier: TC_IDRepo_AuthInternalock_06
      role: idrepo
      checkErrorsOnlyInResponse: true
      restMethod: post
      inputTemplate: idRepository/AuthInternalLock/authInternalLock
      outputTemplate: idRepository/AuthInternalLock/AuthInternalLockResult
      input: '{
    "individualId": "$ID:CreateVID_withValidParameters_AuthStatus_Smoke_Perpetual_sid_VID$",
    "individualIdType": "VID",
    "authType": "bio",
    "authSubType": "IRIS",
    "locked": "true",
    "unlockForSeconds": 0,
  "id": "string",
  "version": "string",
  "requestTime": "$TIMESTAMP$"
}'
      output: '{
}'

  IdRepository_AuthInternalLock_Uin_FINGER_Smoke_Pos:
      endPoint: /idrepository/v1/identity/authtypes/status
      description: Lock UIN for authtype Bio Finger
      uniqueIdentifier: TC_IDRepo_AuthInternalock_07
      role: idrepo
      checkErrorsOnlyInResponse: true
      restMethod: post
      inputTemplate: idRepository/AuthInternalLock/authInternalLock
      outputTemplate: idRepository/AuthInternalLock/AuthInternalLockResult
      input: '{
    "individualId": "$ID:AddIdentity_AuthStatus_Validd_smoke_Pos_UIN$",
    "individualIdType": "UIN",
    "authType": "bio",
    "authSubType": "FINGER",
    "locked": "true",
    "unlockForSeconds": 0,
  "id": "string",
  "version": "string",
  "requestTime": "$TIMESTAMP$"
}'
      output: '{
}'

  IdRepository_AuthInternalLock_Vid_FINGER_Smoke_Pos:
      endPoint: /idrepository/v1/identity/authtypes/status
      description: Lock UIN for authtype Bio Finger
      uniqueIdentifier: TC_IDRepo_AuthInternalock_08
      role: idrepo
      checkErrorsOnlyInResponse: true
      restMethod: post
      inputTemplate: idRepository/AuthInternalLock/authInternalLock
      outputTemplate: idRepository/AuthInternalLock/AuthInternalLockResult
      input: '{
    "individualId": "$ID:CreateVID_withValidParameters_AuthStatus_Smoke_Perpetual_sid_VID$",
    "individualIdType": "VID",
    "authType": "bio",
    "authSubType": "FINGER",
    "locked": "true",
    "unlockForSeconds": 0,
  "id": "string",
  "version": "string",
  "requestTime": "$TIMESTAMP$"
}'
      output: '{
}'

  IdRepository_AuthInternalLock_Uin_email_Smoke_Pos:
      endPoint: /idrepository/v1/identity/authtypes/status
      description: Lock UIN for authtype Email
      uniqueIdentifier: TC_IDRepo_AuthInternalock_09
      role: idrepo
      checkErrorsOnlyInResponse: true
      restMethod: post
      inputTemplate: idRepository/AuthInternalLock/authInternalLock
      outputTemplate: idRepository/AuthInternalLock/AuthInternalLockResult
      input: '{
    "individualId": "$ID:AddIdentity_AuthStatus_Validd_smoke_Pos_UIN$",
    "individualIdType": "UIN",
    "authType": "otp",
    "authSubType": "email",
    "locked": "true",
    "unlockForSeconds": 0,
  "id": "string",
  "version": "string",
  "requestTime": "$TIMESTAMP$"
}'
      output: '{
}'

  IdRepository_AuthInternalLock_Vid_email_Smoke_Pos:
      endPoint: /idrepository/v1/identity/authtypes/status
      description: Lock VID for authtype Email
      uniqueIdentifier: TC_IDRepo_AuthInternalock_10
      role: idrepo
      checkErrorsOnlyInResponse: true
      restMethod: post
      inputTemplate: idRepository/AuthInternalLock/authInternalLock
      outputTemplate: idRepository/AuthInternalLock/AuthInternalLockResult
      input: '{
    "individualId": "$ID:CreateVID_withValidParameters_AuthStatus_Smoke_Perpetual_sid_VID$",
    "individualIdType": "VID",
    "authType": "otp",
    "authSubType": "email",
    "locked": "true",
    "unlockForSeconds": 0,
  "id": "string",
  "version": "string",
  "requestTime": "$TIMESTAMP$"
}'
      output: '{
}'

  IdRepository_AuthInternalLock_Uin_phone_Smoke_Pos:
      endPoint: /idrepository/v1/identity/authtypes/status
      description: Lock UIN for authtype Phone
      uniqueIdentifier: TC_IDRepo_AuthInternalock_11
      role: idrepo
      checkErrorsOnlyInResponse: true
      restMethod: post
      inputTemplate: idRepository/AuthInternalLock/authInternalLock
      outputTemplate: idRepository/AuthInternalLock/AuthInternalLockResult
      input: '{
    "individualId": "$ID:AddIdentity_AuthStatus_Validd_smoke_Pos_UIN$",
    "individualIdType": "UIN",
    "authType": "otp",
    "authSubType": "phone",
    "locked": "true",
    "unlockForSeconds": 0,
  "id": "string",
  "version": "string",
  "requestTime": "$TIMESTAMP$"
}'
      output: '{
}'

  IdRepository_AuthInternalLock_Vid_phone_Smoke_Pos:
      endPoint: /idrepository/v1/identity/authtypes/status
      description: Lock VID for authtype phone
      uniqueIdentifier: TC_IDRepo_AuthInternalock_12
      role: idrepo
      checkErrorsOnlyInResponse: true
      restMethod: post
      inputTemplate: idRepository/AuthInternalLock/authInternalLock
      outputTemplate: idRepository/AuthInternalLock/AuthInternalLockResult
      input: '{
    "individualId": "$ID:CreateVID_withValidParameters_AuthStatus_Smoke_Perpetual_sid_VID$",
    "individualIdType": "VID",
    "authType": "otp",
    "authSubType": "phone",
    "locked": "true",
    "unlockForSeconds": 0,
  "id": "string",
  "version": "string",
  "requestTime": "$TIMESTAMP$"
}'
      output: '{
}'

  IdRepository_AuthInternalLock_Uin_Empty_Authtype:
      endPoint: /idrepository/v1/identity/authtypes/status
      description: Lock UIN without passing any auth type
      uniqueIdentifier: TC_IDRepo_AuthInternalock_13
      role: idrepo
      restMethod: post
      inputTemplate: idRepository/AuthInternalLock/authInternalLock
      outputTemplate: idRepository/error
      input: '{
    "individualId": "$ID:AddIdentity_AuthStatus_Validd_smoke_Pos_UIN$",
    "individualIdType": "UIN",
    "authType": "",
    "authSubType": "FACE",
    "locked": "true",
    "unlockForSeconds": 0,
  "id": "string",
  "version": "string",
  "requestTime": "$TIMESTAMP$"
}'
      output: '{
   "errors": [
    {
      "errorCode": "IDR-IDC-002"
    }
  ]
}'

  IdRepository_AuthInternalLock_Vid_Empty_Authtype:
      endPoint: /idrepository/v1/identity/authtypes/status
      description: Lock VID passing auth type empty
      uniqueIdentifier: TC_IDRepo_AuthInternalock_14
      role: idrepo
      restMethod: post
      inputTemplate: idRepository/AuthInternalLock/authInternalLock
      outputTemplate: idRepository/error
      input: '{
    "individualId": "$ID:CreateVID_withValidParameters_AuthStatus_Smoke_Perpetual_sid_VID$",
    "individualIdType": "VID",
    "authType": "",
    "authSubType": "FACE",
    "locked": "true",
    "unlockForSeconds": 0,
  "id": "string",
  "version": "string",
  "requestTime": "$TIMESTAMP$"
}'
      output: '{
   "errors": [
    {
      "errorCode": "IDR-IDC-002"
    }
  ]
}'

  IdRepository_AuthInternalLock_Uin_Empty_authSubType:
      endPoint: /idrepository/v1/identity/authtypes/status
      description: Lock UIN passing empty value in auth subtype
      uniqueIdentifier: TC_IDRepo_AuthInternalock_15
      role: idrepo
      restMethod: post
      inputTemplate: idRepository/AuthInternalLock/authInternalLock
      outputTemplate: idRepository/error
      input: '{
    "individualId": "$ID:AddIdentity_AuthStatus_Validd_smoke_Pos_UIN$",
    "individualIdType": "UIN",
    "authType": "bio",
    "authSubType": "",
    "locked": "true",
    "unlockForSeconds": 0,
  "id": "string",
  "version": "string",
  "requestTime": "$TIMESTAMP$"
}'
      output: '{
   "errors": [
    {
      "errorCode": "IDR-IDC-002"
    }
  ]
}'

  IdRepository_AuthInternalLock_Vid_Empty_authSubType:
      endPoint: /idrepository/v1/identity/authtypes/status
      description: Lock VID passing empty value in auth subtype
      uniqueIdentifier: TC_IDRepo_AuthInternalock_16
      role: idrepo
      restMethod: post
      inputTemplate: idRepository/AuthInternalLock/authInternalLock
      outputTemplate: idRepository/error
      input: '{
    "individualId": "$ID:CreateVID_withValidParameters_AuthStatus_Smoke_Perpetual_sid_VID$",
    "individualIdType": "VID",
    "authType": "bio",
    "authSubType": "",
    "locked": "true",
    "unlockForSeconds": 0,
  "id": "string",
  "version": "string",
  "requestTime": "$TIMESTAMP$"
}'
      output: '{
   "errors": [
    {
      "errorCode": "IDR-IDC-002"
    }
  ]
}'

  IdRepository_AuthInternalLock_Uin_Empty_locked:
      endPoint: /idrepository/v1/identity/authtypes/status
      description: Lock UIN passing empty value in lock field
      uniqueIdentifier: TC_IDRepo_AuthInternalock_17
      role: idrepo
      restMethod: post
      inputTemplate: idRepository/AuthInternalLock/authInternalLock
      outputTemplate: idRepository/error
      input: '{
    "individualId": "$ID:AddIdentity_AuthStatus_Validd_smoke_Pos_UIN$",
    "individualIdType": "UIN",
    "authType": "bio",
    "authSubType": "FACE",
    "locked": "",
    "unlockForSeconds": 0,
  "id": "string",
  "version": "string",
  "requestTime": "$TIMESTAMP$"
}'
      output: '{
   "errors": [
    {
      "errorCode": "IDR-IDC-004"
    }
  ]
}'

  IdRepository_AuthInternalLock_Vid_Empty_locked:
      endPoint: /idrepository/v1/identity/authtypes/status
      description: Auth lock VID passing empty value in lock field
      uniqueIdentifier: TC_IDRepo_AuthInternalock_18
      role: idrepo
      restMethod: post
      inputTemplate: idRepository/AuthInternalLock/authInternalLock
      outputTemplate: idRepository/error
      input: '{
    "individualId": "$ID:CreateVID_withValidParameters_AuthStatus_Smoke_Perpetual_sid_VID$",
    "individualIdType": "VID",
    "authType": "bio",
    "authSubType": "FACE",
    "locked": "",
    "unlockForSeconds": 0,
  "id": "string",
  "version": "string",
  "requestTime": "$TIMESTAMP$"
}'
      output: '{
   "errors": [
    {
      "errorCode": "IDR-IDC-004"
    }
  ]
}'

  IdRepository_AuthInternalLock_Uin_Empty_id:
      endPoint: /idrepository/v1/identity/authtypes/status
      description: Lock UIN passing empty value in the ID
      uniqueIdentifier: TC_IDRepo_AuthInternalock_19
      role: idrepo
      restMethod: post
      inputTemplate: idRepository/AuthInternalLock/authInternalLock
      outputTemplate: idRepository/error
      input: '{
    "individualId": "$ID:AddIdentity_AuthStatus_Validd_smoke_Pos_UIN$",
    "individualIdType": "UIN",
    "authType": "bio",
    "authSubType": "FACE",
    "locked": "true",
    "unlockForSeconds": 0,
  "id": "",
  "version": "string",
  "requestTime": "$TIMESTAMP$"
}'
      output: '{
   "errors": [
    {
      "errorCode": "IDR-IDC-003"
    }
  ]
}'

  IdRepository_AuthInternalLock_Vid_Empty_id:
      endPoint: /idrepository/v1/identity/authtypes/status
      description: Lock VID passing empty value in ID
      uniqueIdentifier: TC_IDRepo_AuthInternalock_20
      role: idrepo
      restMethod: post
      inputTemplate: idRepository/AuthInternalLock/authInternalLock
      outputTemplate: idRepository/error
      input: '{
    "individualId": "$ID:CreateVID_withValidParameters_AuthStatus_Smoke_Perpetual_sid_VID$",
    "individualIdType": "VID",
    "authType": "bio",
    "authSubType": "FACE",
    "locked": "true",
    "unlockForSeconds": 0,
  "id": "",
  "version": "string",
  "requestTime": "$TIMESTAMP$"
}'
      output: '{
   "errors": [
    {
      "errorCode": "IDR-IDC-003"
    }
  ]
}'

  IdRepository_AuthInternalLock_Uin_Empty_version:
      endPoint: /idrepository/v1/identity/authtypes/status
      description: Lock UIN passing empty version
      uniqueIdentifier: TC_IDRepo_AuthInternalock_21
      role: idrepo
      restMethod: post
      inputTemplate: idRepository/AuthInternalLock/authInternalLock
      outputTemplate: idRepository/error
      input: '{
    "individualId": "$ID:AddIdentity_AuthStatus_Validd_smoke_Pos_UIN$",
    "individualIdType": "UIN",
    "authType": "bio",
    "authSubType": "FACE",
    "locked": "true",
    "unlockForSeconds": 0,
  "id": "string",
  "version": "",
  "requestTime": "$TIMESTAMP$"
}'
      output: '{
   "errors": [
    {
      "errorCode": "IDR-IDC-003"
    }
  ]
}'

  IdRepository_AuthInternalLock_Vid_Empty_version:
      endPoint: /idrepository/v1/identity/authtypes/status
      description: Lock VID passing empty version
      uniqueIdentifier: TC_IDRepo_AuthInternalock_22
      role: idrepo
      restMethod: post
      inputTemplate: idRepository/AuthInternalLock/authInternalLock
      outputTemplate: idRepository/error
      input: '{
    "individualId": "$ID:CreateVID_withValidParameters_AuthStatus_Smoke_Perpetual_sid_VID$",
    "individualIdType": "VID",
    "authType": "bio",
    "authSubType": "FACE",
    "locked": "true",
    "unlockForSeconds": 0,
  "id": "string",
  "version": "",
  "requestTime": "$TIMESTAMP$"
}'
      output: '{
   "errors": [
    {
      "errorCode": "IDR-IDC-003"
    }
  ]
}'

  IdRepository_AuthInternalLock_Uin_Empty_requestTime:
      endPoint: /idrepository/v1/identity/authtypes/status
      description: Lock UIN passing empty request time
      uniqueIdentifier: TC_IDRepo_AuthInternalock_23
      role: idrepo
      restMethod: post
      inputTemplate: idRepository/AuthInternalLock/authInternalLock
      outputTemplate: idRepository/error
      input: '{
    "individualId": "$ID:AddIdentity_AuthStatus_Validd_smoke_Pos_UIN$",
    "individualIdType": "UIN",
    "authType": "bio",
    "authSubType": "FACE",
    "locked": "true",
    "unlockForSeconds": 0,
  "id": "string",
  "version": "string",
  "requestTime": ""
}'
      output: '{
   "errors": [
    {
      "errorCode": "IDR-IDC-003"
    }
  ]
}'

  IdRepository_AuthInternalLock_Vid_Empty_requestTime:
      endPoint: /idrepository/v1/identity/authtypes/status
      description: Lock VID passing empty request time
      uniqueIdentifier: TC_IDRepo_AuthInternalock_24
      role: idrepo
      restMethod: post
      inputTemplate: idRepository/AuthInternalLock/authInternalLock
      outputTemplate: idRepository/error
      input: '{
    "individualId": "$ID:CreateVID_withValidParameters_AuthStatus_Smoke_Perpetual_sid_VID$",
    "individualIdType": "VID",
    "authType": "bio",
    "authSubType": "FACE",
    "locked": "true",
    "unlockForSeconds": 0,
  "id": "string",
  "version": "string",
  "requestTime": ""
}'
      output: '{
   "errors": [
    {
      "errorCode": "IDR-IDC-003"
    }
  ]
}'

  IdRepository_AuthInternalLock_Uin_Empty_individualId:
      endPoint: /idrepository/v1/identity/authtypes/status
      description: Lock UIN passing empty individaual ID
      uniqueIdentifier: TC_IDRepo_AuthInternalock_25
      role: idrepo
      restMethod: post
      inputTemplate: idRepository/AuthInternalLock/authInternalLock
      outputTemplate: idRepository/error
      input: '{
    "individualId": "",
    "individualIdType": "UIN",
    "authType": "bio",
    "authSubType": "FACE",
    "locked": "true",
    "unlockForSeconds": 0,
  "id": "string",
  "version": "string",
  "requestTime": "$TIMESTAMP$"
}'
      output: '{
   "errors": [
    {
      "errorCode": "IDR-IDC-002"
    }
  ]
}'

  IdRepository_AuthInternalLock_Vid_Empty_individualId:
      endPoint: /idrepository/v1/identity/authtypes/status
      description: Lock VID passing empty individual ID
      uniqueIdentifier: TC_IDRepo_AuthInternalock_26
      role: idrepo
      restMethod: post
      inputTemplate: idRepository/AuthInternalLock/authInternalLock
      outputTemplate: idRepository/error
      input: '{
    "individualId": "",
    "individualIdType": "VID",
    "authType": "bio",
    "authSubType": "FACE",
    "locked": "true",
    "unlockForSeconds": 0,
  "id": "string",
  "version": "string",
  "requestTime": "$TIMESTAMP$"
}'
      output: '{
   "errors": [
    {
      "errorCode": "IDR-IDC-002"
    }
  ]
}'

  IdRepository_AuthInternalLock_Uin_Empty_individualIdType:
      endPoint: /idrepository/v1/identity/authtypes/status
      description: Lock UIN passing empty individual type
      uniqueIdentifier: TC_IDRepo_AuthInternalock_27
      role: idrepo
      restMethod: post
      inputTemplate: idRepository/AuthInternalLock/authInternalLock
      outputTemplate: idRepository/error
      input: '{
    "individualId": "$ID:AddIdentity_AuthStatus_Validd_smoke_Pos_UIN$",
    "individualIdType": "",
    "authType": "bio",
    "authSubType": "FACE",
    "locked": "true",
    "unlockForSeconds": 0,
  "id": "string",
  "version": "string",
  "requestTime": "$TIMESTAMP$"
}'
      output: '{
   "errors": [
    {
      "errorCode": "IDR-IDC-004"
    }
  ]
}'

  IdRepository_AuthInternalLock_Vid_Empty_individualIdType:
      endPoint: /idrepository/v1/identity/authtypes/status
      description: Lock VID passing empty individual ID type
      uniqueIdentifier: TC_IDRepo_AuthInternalock_28
      role: idrepo
      restMethod: post
      inputTemplate: idRepository/AuthInternalLock/authInternalLock
      outputTemplate: idRepository/error
      input: '{
    "individualId": "$ID:CreateVID_withValidParameters_AuthStatus_Smoke_Perpetual_sid_VID$",
    "individualIdType": "",
    "authType": "bio",
    "authSubType": "FACE",
    "locked": "true",
    "unlockForSeconds": 0,
  "id": "string",
  "version": "string",
  "requestTime": "$TIMESTAMP$"
}'
      output: '{
   "errors": [
    {
      "errorCode": "IDR-IDC-004"
    }
  ]
}'